
Microsoft Visual Studio Solution File, Format Version 12.00
# Visual Studio Version 17
VisualStudioVersion = 17.4.33110.190
MinimumVisualStudioVersion = 10.0.40219.1
Project("{FAE04EC0-301F-11D3-BF4B-00C04F79EFBC}") = "WebAPI", "WebAPI\WebAPI.csproj", "{E456B7AB-BD62-4881-A411-E34298DD568D}"
EndProject
Project("{FAE04EC0-301F-11D3-BF4B-00C04F79EFBC}") = "Services", "Services\Services.csproj", "{14159DA2-7461-4470-A03C-60117B3BE4D9}"
EndProject
Project("{FAE04EC0-301F-11D3-BF4B-00C04F79EFBC}") = "Domain", "Domain\Domain.csproj", "{D535558D-D8FA-4EA2-8468-C1178C6B9F45}"
EndProject
Project("{FAE04EC0-301F-11D3-BF4B-00C04F79EFBC}") = "Infrastructure", "Infrastructure\Infrastructure.csproj", "{5F1B1BA5-5CA3-4A34-85DE-1B1B6AEA735A}"
EndProject
Project("{FAE04EC0-301F-11D3-BF4B-00C04F79EFBC}") = "Services.Abstraction", "Services.Abstraction\Services.Abstraction.csproj", "{995FB0F8-4C5B-4EDF-AB6E-98317D4F33C8}"
EndProject
Global
	GlobalSection(SolutionConfigurationPlatforms) = preSolution
		Debug|Any CPU = Debug|Any CPU
		Release|Any CPU = Release|Any CPU
	EndGlobalSection
	GlobalSection(ProjectConfigurationPlatforms) = postSolution
		{E456B7AB-BD62-4881-A411-E34298DD568D}.Debug|Any CPU.ActiveCfg = Debug|Any CPU
		{E456B7AB-BD62-4881-A411-E34298DD568D}.Debug|Any CPU.Build.0 = Debug|Any CPU
		{E456B7AB-BD62-4881-A411-E34298DD568D}.Release|Any CPU.ActiveCfg = Release|Any CPU
		{E456B7AB-BD62-4881-A411-E34298DD568D}.Release|Any CPU.Build.0 = Release|Any CPU
		{14159DA2-7461-4470-A03C-60117B3BE4D9}.Debug|Any CPU.ActiveCfg = Debug|Any CPU
		{14159DA2-7461-4470-A03C-60117B3BE4D9}.Debug|Any CPU.Build.0 = Debug|Any CPU
		{14159DA2-7461-4470-A03C-60117B3BE4D9}.Release|Any CPU.ActiveCfg = Release|Any CPU
		{14159DA2-7461-4470-A03C-60117B3BE4D9}.Release|Any CPU.Build.0 = Release|Any CPU
		{D535558D-D8FA-4EA2-8468-C1178C6B9F45}.Debug|Any CPU.ActiveCfg = Debug|Any CPU
		{D535558D-D8FA-4EA2-8468-C1178C6B9F45}.Debug|Any CPU.Build.0 = Debug|Any CPU
		{D535558D-D8FA-4EA2-8468-C1178C6B9F45}.Release|Any CPU.ActiveCfg = Release|Any CPU
		{D535558D-D8FA-4EA2-8468-C1178C6B9F45}.Release|Any CPU.Build.0 = Release|Any CPU
		{5F1B1BA5-5CA3-4A34-85DE-1B1B6AEA735A}.Debug|Any CPU.ActiveCfg = Debug|Any CPU
		{5F1B1BA5-5CA3-4A34-85DE-1B1B6AEA735A}.Debug|Any CPU.Build.0 = Debug|Any CPU
		{5F1B1BA5-5CA3-4A34-85DE-1B1B6AEA735A}.Release|Any CPU.ActiveCfg = Release|Any CPU
		{5F1B1BA5-5CA3-4A34-85DE-1B1B6AEA735A}.Release|Any CPU.Build.0 = Release|Any CPU
		{995FB0F8-4C5B-4EDF-AB6E-98317D4F33C8}.Debug|Any CPU.ActiveCfg = Debug|Any CPU
		{995FB0F8-4C5B-4EDF-AB6E-98317D4F33C8}.Debug|Any CPU.Build.0 = Debug|Any CPU
		{995FB0F8-4C5B-4EDF-AB6E-98317D4F33C8}.Release|Any CPU.ActiveCfg = Release|Any CPU
		{995FB0F8-4C5B-4EDF-AB6E-98317D4F33C8}.Release|Any CPU.Build.0 = Release|Any CPU
	EndGlobalSection
	GlobalSection(SolutionProperties) = preSolution
		HideSolutionNode = FALSE
	EndGlobalSection
	GlobalSection(ExtensibilityGlobals) = postSolution
		SolutionGuid = {4E34ADBE-C33E-4B13-B7D1-A8F1DCD3A636}
	EndGlobalSection
EndGlobal
